
Microsoft Visual Studio Solution File, Format Version 12.00
# Visual Studio Version 17
VisualStudioVersion = 17.5.002.0
MinimumVisualStudioVersion = 10.0.40219.1
Project("{9A19103F-16F7-4668-BE54-9A1E7A4F7556}") = "WSMapOnStartPlugin", "WSMapOnStartPlugin.csproj", "{2AF2B702-BC65-426D-A7BA-66BA05207655}"
EndProject
Global
	GlobalSection(SolutionConfigurationPlatforms) = preSolution
		Debug|Any CPU = Debug|Any CPU
		Release|Any CPU = Release|Any CPU
	EndGlobalSection
	GlobalSection(ProjectConfigurationPlatforms) = postSolution
		{2AF2B702-BC65-426D-A7BA-66BA05207655}.Debug|Any CPU.ActiveCfg = Debug|Any CPU
		{2AF2B702-BC65-426D-A7BA-66BA05207655}.Debug|Any CPU.Build.0 = Debug|Any CPU
		{2AF2B702-BC65-426D-A7BA-66BA05207655}.Release|Any CPU.ActiveCfg = Release|Any CPU
		{2AF2B702-BC65-426D-A7BA-66BA05207655}.Release|Any CPU.Build.0 = Release|Any CPU
	EndGlobalSection
	GlobalSection(SolutionProperties) = preSolution
		HideSolutionNode = FALSE
	EndGlobalSection
	GlobalSection(ExtensibilityGlobals) = postSolution
		SolutionGuid = {64AB99FD-3517-49A4-BADA-9F554D60E998}
	EndGlobalSection
EndGlobal
